// !$*UTF8*$!
{
	archiveVersion = 1;
	classes = {
	};
	objectVersion = 46;
	objects = {

/* Begin PBXBuildFile section */
		4AC298FF1E491DC80034AD15 /* AppDelegate.swift in Sources */ = {isa = PBXBuildFile; fileRef = 4AC298FE1E491DC80034AD15 /* AppDelegate.swift */; };
		4AC299041E491DC80034AD15 /* Main.storyboard in Resources */ = {isa = PBXBuildFile; fileRef = 4AC299021E491DC80034AD15 /* Main.storyboard */; };
		4AC299061E491DC80034AD15 /* Assets.xcassets in Resources */ = {isa = PBXBuildFile; fileRef = 4AC299051E491DC80034AD15 /* Assets.xcassets */; };
		4AC299091E491DC80034AD15 /* LaunchScreen.storyboard in Resources */ = {isa = PBXBuildFile; fileRef = 4AC299071E491DC80034AD15 /* LaunchScreen.storyboard */; };
		4AC299141E491DC80034AD15 /* MSCropTests.swift in Sources */ = {isa = PBXBuildFile; fileRef = 4AC299131E491DC80034AD15 /* MSCropTests.swift */; };
		4AC2991F1E491DC80034AD15 /* MSCropUITests.swift in Sources */ = {isa = PBXBuildFile; fileRef = 4AC2991E1E491DC80034AD15 /* MSCropUITests.swift */; };
		4AC2992D1E491DF90034AD15 /* ViewController.swift in Sources */ = {isa = PBXBuildFile; fileRef = 4AC2992C1E491DF90034AD15 /* ViewController.swift */; };
		4AC299301E491E620034AD15 /* MSCropView.swift in Sources */ = {isa = PBXBuildFile; fileRef = 4AC2992F1E491E620034AD15 /* MSCropView.swift */; };
		4AC299321E491F230034AD15 /* IMG.jpg in Resources */ = {isa = PBXBuildFile; fileRef = 4AC299311E491F230034AD15 /* IMG.jpg */; };
/* End PBXBuildFile section */

/* Begin PBXContainerItemProxy section */
		4AC299101E491DC80034AD15 /* PBXContainerItemProxy */ = {
			isa = PBXContainerItemProxy;
			containerPortal = 4AC298F31E491DC80034AD15 /* Project object */;
			proxyType = 1;
			remoteGlobalIDString = 4AC298FA1E491DC80034AD15;
			remoteInfo = MSCrop;
		};
		4AC2991B1E491DC80034AD15 /* PBXContainerItemProxy */ = {
			isa = PBXContainerItemProxy;
			containerPortal = 4AC298F31E491DC80034AD15 /* Project object */;
			proxyType = 1;
			remoteGlobalIDString = 4AC298FA1E491DC80034AD15;
			remoteInfo = MSCrop;
		};
/* End PBXContainerItemProxy section */

/* Begin PBXFileReference section */
		4AC298FB1E491DC80034AD15 /* MSCrop.app */ = {isa = PBXFileReference; explicitFileType = wrapper.application; includeInIndex = 0; path = MSCrop.app; sourceTree = BUILT_PRODUCTS_DIR; };
		4AC298FE1E491DC80034AD15 /* AppDelegate.swift */ = {isa = PBXFileReference; lastKnownFileType = sourcecode.swift; path = AppDelegate.swift; sourceTree = "<group>"; };
		4AC299031E491DC80034AD15 /* Base */ = {isa = PBXFileReference; lastKnownFileType = file.storyboard; name = Base; path = Base.lproj/Main.storyboard; sourceTree = "<group>"; };
		4AC299051E491DC80034AD15 /* Assets.xcassets */ = {isa = PBXFileReference; lastKnownFileType = folder.assetcatalog; path = Assets.xcassets; sourceTree = "<group>"; };
		4AC299081E491DC80034AD15 /* Base */ = {isa = PBXFileReference; lastKnownFileType = file.storyboard; name = Base; path = Base.lproj/LaunchScreen.storyboard; sourceTree = "<group>"; };
		4AC2990A1E491DC80034AD15 /* Info.plist */ = {isa = PBXFileReference; lastKnownFileType = text.plist.xml; path = Info.plist; sourceTree = "<group>"; };
		4AC2990F1E491DC80034AD15 /* MSCropTests.xctest */ = {isa = PBXFileReference; explicitFileType = wrapper.cfbundle; includeInIndex = 0; path = MSCropTests.xctest; sourceTree = BUILT_PRODUCTS_DIR; };
		4AC299131E491DC80034AD15 /* MSCropTests.swift */ = {isa = PBXFileReference; lastKnownFileType = sourcecode.swift; path = MSCropTests.swift; sourceTree = "<group>"; };
		4AC299151E491DC80034AD15 /* Info.plist */ = {isa = PBXFileReference; lastKnownFileType = text.plist.xml; path = Info.plist; sourceTree = "<group>"; };
		4AC2991A1E491DC80034AD15 /* MSCropUITests.xctest */ = {isa = PBXFileReference; explicitFileType = wrapper.cfbundle; includeInIndex = 0; path = MSCropUITests.xctest; sourceTree = BUILT_PRODUCTS_DIR; };
		4AC2991E1E491DC80034AD15 /* MSCropUITests.swift */ = {isa = PBXFileReference; lastKnownFileType = sourcecode.swift; path = MSCropUITests.swift; sourceTree = "<group>"; };
		4AC299201E491DC80034AD15 /* Info.plist */ = {isa = PBXFileReference; lastKnownFileType = text.plist.xml; path = Info.plist; sourceTree = "<group>"; };
		4AC2992C1E491DF90034AD15 /* ViewController.swift */ = {isa = PBXFileReference; fileEncoding = 4; lastKnownFileType = sourcecode.swift; path = ViewController.swift; sourceTree = "<group>"; };
		4AC2992F1E491E620034AD15 /* MSCropView.swift */ = {isa = PBXFileReference; fileEncoding = 4; lastKnownFileType = sourcecode.swift; path = MSCropView.swift; sourceTree = "<group>"; };
		4AC299311E491F230034AD15 /* IMG.jpg */ = {isa = PBXFileReference; lastKnownFileType = image.jpeg; path = IMG.jpg; sourceTree = "<group>"; };
/* End PBXFileReference section */

/* Begin PBXFrameworksBuildPhase section */
		4AC298F81E491DC80034AD15 /* Frameworks */ = {
			isa = PBXFrameworksBuildPhase;
			buildActionMask = 2147483647;
			files = (
			);
			runOnlyForDeploymentPostprocessing = 0;
		};
		4AC2990C1E491DC80034AD15 /* Frameworks */ = {
			isa = PBXFrameworksBuildPhase;
			buildActionMask = 2147483647;
			files = (
			);
			runOnlyForDeploymentPostprocessing = 0;
		};
		4AC299171E491DC80034AD15 /* Frameworks */ = {
			isa = PBXFrameworksBuildPhase;
			buildActionMask = 2147483647;
			files = (
			);
			runOnlyForDeploymentPostprocessing = 0;
		};
/* End PBXFrameworksBuildPhase section */

/* Begin PBXGroup section */
		4AC298F21E491DC80034AD15 = {
			isa = PBXGroup;
			children = (
				4AC299311E491F230034AD15 /* IMG.jpg */,
				4AC2992E1E491E2E0034AD15 /* MSCropView */,
				4AC298FD1E491DC80034AD15 /* MSCropDemo */,
				4AC299121E491DC80034AD15 /* MSCropTests */,
				4AC2991D1E491DC80034AD15 /* MSCropUITests */,
				4AC298FC1E491DC80034AD15 /* Products */,
			);
			sourceTree = "<group>";
		};
		4AC298FC1E491DC80034AD15 /* Products */ = {
			isa = PBXGroup;
			children = (
				4AC298FB1E491DC80034AD15 /* MSCrop.app */,
				4AC2990F1E491DC80034AD15 /* MSCropTests.xctest */,
				4AC2991A1E491DC80034AD15 /* MSCropUITests.xctest */,
			);
			name = Products;
			sourceTree = "<group>";
		};
		4AC298FD1E491DC80034AD15 /* MSCropDemo */ = {
			isa = PBXGroup;
			children = (
				4AC298FE1E491DC80034AD15 /* AppDelegate.swift */,
				4AC2992C1E491DF90034AD15 /* ViewController.swift */,
				4AC299021E491DC80034AD15 /* Main.storyboard */,
				4AC299051E491DC80034AD15 /* Assets.xcassets */,
				4AC299071E491DC80034AD15 /* LaunchScreen.storyboard */,
				4AC2990A1E491DC80034AD15 /* Info.plist */,
			);
			name = MSCropDemo;
			path = MSCrop;
			sourceTree = "<group>";
		};
		4AC299121E491DC80034AD15 /* MSCropTests */ = {
			isa = PBXGroup;
			children = (
				4AC299131E491DC80034AD15 /* MSCropTests.swift */,
				4AC299151E491DC80034AD15 /* Info.plist */,
			);
			path = MSCropTests;
			sourceTree = "<group>";
		};
		4AC2991D1E491DC80034AD15 /* MSCropUITests */ = {
			isa = PBXGroup;
			children = (
				4AC2991E1E491DC80034AD15 /* MSCropUITests.swift */,
				4AC299201E491DC80034AD15 /* Info.plist */,
			);
			path = MSCropUITests;
			sourceTree = "<group>";
		};
		4AC2992E1E491E2E0034AD15 /* MSCropView */ = {
			isa = PBXGroup;
			children = (
				4AC2992F1E491E620034AD15 /* MSCropView.swift */,
			);
			name = MSCropView;
			sourceTree = "<group>";
		};
/* End PBXGroup section */

/* Begin PBXNativeTarget section */
		4AC298FA1E491DC80034AD15 /* MSCrop */ = {
			isa = PBXNativeTarget;
			buildConfigurationList = 4AC299231E491DC80034AD15 /* Build configuration list for PBXNativeTarget "MSCrop" */;
			buildPhases = (
				4AC298F71E491DC80034AD15 /* Sources */,
				4AC298F81E491DC80034AD15 /* Frameworks */,
				4AC298F91E491DC80034AD15 /* Resources */,
			);
			buildRules = (
			);
			dependencies = (
			);
			name = MSCrop;
			productName = MSCrop;
			productReference = 4AC298FB1E491DC80034AD15 /* MSCrop.app */;
			productType = "com.apple.product-type.application";
		};
		4AC2990E1E491DC80034AD15 /* MSCropTests */ = {
			isa = PBXNativeTarget;
			buildConfigurationList = 4AC299261E491DC80034AD15 /* Build configuration list for PBXNativeTarget "MSCropTests" */;
			buildPhases = (
				4AC2990B1E491DC80034AD15 /* Sources */,
				4AC2990C1E491DC80034AD15 /* Frameworks */,
				4AC2990D1E491DC80034AD15 /* Resources */,
			);
			buildRules = (
			);
			dependencies = (
				4AC299111E491DC80034AD15 /* PBXTargetDependency */,
			);
			name = MSCropTests;
			productName = MSCropTests;
			productReference = 4AC2990F1E491DC80034AD15 /* MSCropTests.xctest */;
			productType = "com.apple.product-type.bundle.unit-test";
		};
		4AC299191E491DC80034AD15 /* MSCropUITests */ = {
			isa = PBXNativeTarget;
			buildConfigurationList = 4AC299291E491DC80034AD15 /* Build configuration list for PBXNativeTarget "MSCropUITests" */;
			buildPhases = (
				4AC299161E491DC80034AD15 /* Sources */,
				4AC299171E491DC80034AD15 /* Frameworks */,
				4AC299181E491DC80034AD15 /* Resources */,
			);
			buildRules = (
			);
			dependencies = (
				4AC2991C1E491DC80034AD15 /* PBXTargetDependency */,
			);
			name = MSCropUITests;
			productName = MSCropUITests;
			productReference = 4AC2991A1E491DC80034AD15 /* MSCropUITests.xctest */;
			productType = "com.apple.product-type.bundle.ui-testing";
		};
/* End PBXNativeTarget section */

/* Begin PBXProject section */
		4AC298F31E491DC80034AD15 /* Project object */ = {
			isa = PBXProject;
			attributes = {
				LastSwiftUpdateCheck = 0810;
				LastUpgradeCheck = 0810;
				ORGANIZATIONNAME = ChetanPanchal;
				TargetAttributes = {
					4AC298FA1E491DC80034AD15 = {
						CreatedOnToolsVersion = 8.1;
						DevelopmentTeam = T9PVZR5SPF;
						ProvisioningStyle = Manual;
					};
					4AC2990E1E491DC80034AD15 = {
						CreatedOnToolsVersion = 8.1;
						ProvisioningStyle = Automatic;
						TestTargetID = 4AC298FA1E491DC80034AD15;
					};
					4AC299191E491DC80034AD15 = {
						CreatedOnToolsVersion = 8.1;
						ProvisioningStyle = Automatic;
						TestTargetID = 4AC298FA1E491DC80034AD15;
					};
				};
			};
			buildConfigurationList = 4AC298F61E491DC80034AD15 /* Build configuration list for PBXProject "MSCrop" */;
			compatibilityVersion = "Xcode 3.2";
			developmentRegion = English;
			hasScannedForEncodings = 0;
			knownRegions = (
				en,
				Base,
			);
			mainGroup = 4AC298F21E491DC80034AD15;
			productRefGroup = 4AC298FC1E491DC80034AD15 /* Products */;
			projectDirPath = "";
			projectRoot = "";
			targets = (
				4AC298FA1E491DC80034AD15 /* MSCrop */,
				4AC2990E1E491DC80034AD15 /* MSCropTests */,
				4AC299191E491DC80034AD15 /* MSCropUITests */,
			);
		};
/* End PBXProject section */

/* Begin PBXResourcesBuildPhase section */
		4AC298F91E491DC80034AD15 /* Resources */ = {
			isa = PBXResourcesBuildPhase;
			buildActionMask = 2147483647;
			files = (
				4AC299091E491DC80034AD15 /* LaunchScreen.storyboard in Resources */,
				4AC299061E491DC80034AD15 /* Assets.xcassets in Resources */,
				4AC299041E491DC80034AD15 /* Main.storyboard in Resources */,
				4AC299321E491F230034AD15 /* IMG.jpg in Resources */,
			);
			runOnlyForDeploymentPostprocessing = 0;
		};
		4AC2990D1E491DC80034AD15 /* Resources */ = {
			isa = PBXResourcesBuildPhase;
			buildActionMask = 2147483647;
			files = (
			);
			runOnlyForDeploymentPostprocessing = 0;
		};
		4AC299181E491DC80034AD15 /* Resources */ = {
			isa = PBXResourcesBuildPhase;
			buildActionMask = 2147483647;
			files = (
			);
			runOnlyForDeploymentPostprocessing = 0;
		};
/* End PBXResourcesBuildPhase section */

/* Begin PBXSourcesBuildPhase section */
		4AC298F71E491DC80034AD15 /* Sources */ = {
			isa = PBXSourcesBuildPhase;
			buildActionMask = 2147483647;
			files = (
				4AC2992D1E491DF90034AD15 /* ViewController.swift in Sources */,
				4AC299301E491E620034AD15 /* MSCropView.swift in Sources */,
				4AC298FF1E491DC80034AD15 /* AppDelegate.swift in Sources */,
			);
			runOnlyForDeploymentPostprocessing = 0;
		};
		4AC2990B1E491DC80034AD15 /* Sources */ = {
			isa = PBXSourcesBuildPhase;
			buildActionMask = 2147483647;
			files = (
				4AC299141E491DC80034AD15 /* MSCropTests.swift in Sources */,
			);
			runOnlyForDeploymentPostprocessing = 0;
		};
		4AC299161E491DC80034AD15 /* Sources */ = {
			isa = PBXSourcesBuildPhase;
			buildActionMask = 2147483647;
			files = (
				4AC2991F1E491DC80034AD15 /* MSCropUITests.swift in Sources */,
			);
			runOnlyForDeploymentPostprocessing = 0;
		};
/* End PBXSourcesBuildPhase section */

/* Begin PBXTargetDependency section */
		4AC299111E491DC80034AD15 /* PBXTargetDependency */ = {
			isa = PBXTargetDependency;
			target = 4AC298FA1E491DC80034AD15 /* MSCrop */;
			targetProxy = 4AC299101E491DC80034AD15 /* PBXContainerItemProxy */;
		};
		4AC2991C1E491DC80034AD15 /* PBXTargetDependency */ = {
			isa = PBXTargetDependency;
			target = 4AC298FA1E491DC80034AD15 /* MSCrop */;
			targetProxy = 4AC2991B1E491DC80034AD15 /* PBXContainerItemProxy */;
		};
/* End PBXTargetDependency section */

/* Begin PBXVariantGroup section */
		4AC299021E491DC80034AD15 /* Main.storyboard */ = {
			isa = PBXVariantGroup;
			children = (
				4AC299031E491DC80034AD15 /* Base */,
			);
			name = Main.storyboard;
			sourceTree = "<group>";
		};
		4AC299071E491DC80034AD15 /* LaunchScreen.storyboard */ = {
			isa = PBXVariantGroup;
			children = (
				4AC299081E491DC80034AD15 /* Base */,
			);
			name = LaunchScreen.storyboard;
			sourceTree = "<group>";
		};
/* End PBXVariantGroup section */

/* Begin XCBuildConfiguration section */
		4AC299211E491DC80034AD15 /* Debug */ = {
			isa = XCBuildConfiguration;
			buildSettings = {
				ALWAYS_SEARCH_USER_PATHS = NO;
				CLANG_ANALYZER_NONNULL = YES;
				CLANG_CXX_LANGUAGE_STANDARD = "gnu++0x";
				CLANG_CXX_LIBRARY = "libc++";
				CLANG_ENABLE_MODULES = YES;
				CLANG_ENABLE_OBJC_ARC = YES;
				CLANG_WARN_BOOL_CONVERSION = YES;
				CLANG_WARN_CONSTANT_CONVERSION = YES;
				CLANG_WARN_DIRECT_OBJC_ISA_USAGE = YES_ERROR;
				CLANG_WARN_DOCUMENTATION_COMMENTS = YES;
				CLANG_WARN_EMPTY_BODY = YES;
				CLANG_WARN_ENUM_CONVERSION = YES;
				CLANG_WARN_INFINITE_RECURSION = YES;
				CLANG_WARN_INT_CONVERSION = YES;
				CLANG_WARN_OBJC_ROOT_CLASS = YES_ERROR;
				CLANG_WARN_SUSPICIOUS_MOVES = YES;
				CLANG_WARN_UNREACHABLE_CODE = YES;
				CLANG_WARN__DUPLICATE_METHOD_MATCH = YES;
				"CODE_SIGN_IDENTITY[sdk=iphoneos*]" = "iPhone Developer";
				COPY_PHASE_STRIP = NO;
				DEBUG_INFORMATION_FORMAT = dwarf;
				ENABLE_STRICT_OBJC_MSGSEND = YES;
				ENABLE_TESTABILITY = YES;
				GCC_C_LANGUAGE_STANDARD = gnu99;
				GCC_DYNAMIC_NO_PIC = NO;
				GCC_NO_COMMON_BLOCKS = YES;
				GCC_OPTIMIZATION_LEVEL = 0;
				GCC_PREPROCESSOR_DEFINITIONS = (
					"DEBUG=1",
					"$(inherited)",
				);
				GCC_WARN_64_TO_32_BIT_CONVERSION = YES;
				GCC_WARN_ABOUT_RETURN_TYPE = YES_ERROR;
				GCC_WARN_UNDECLARED_SELECTOR = YES;
				GCC_WARN_UNINITIALIZED_AUTOS = YES_AGGRESSIVE;
				GCC_WARN_UNUSED_FUNCTION = YES;
				GCC_WARN_UNUSED_VARIABLE = YES;
				IPHONEOS_DEPLOYMENT_TARGET = 10.1;
				MTL_ENABLE_DEBUG_INFO = YES;
				ONLY_ACTIVE_ARCH = YES;
				SDKROOT = iphoneos;
				SWIFT_ACTIVE_COMPILATION_CONDITIONS = DEBUG;
				SWIFT_OPTIMIZATION_LEVEL = "-Onone";
			};
			name = Debug;
		};
		4AC299221E491DC80034AD15 /* Release */ = {
			isa = XCBuildConfiguration;
			buildSettings = {
				ALWAYS_SEARCH_USER_PATHS = NO;
				CLANG_ANALYZER_NONNULL = YES;
				CLANG_CXX_LANGUAGE_STANDARD = "gnu++0x";
				CLANG_CXX_LIBRARY = "libc++";
				CLANG_ENABLE_MODULES = YES;
				CLANG_ENABLE_OBJC_ARC = YES;
				CLANG_WARN_BOOL_CONVERSION = YES;
				CLANG_WARN_CONSTANT_CONVERSION = YES;
				CLANG_WARN_DIRECT_OBJC_ISA_USAGE = YES_ERROR;
				CLANG_WARN_DOCUMENTATION_COMMENTS = YES;
				CLANG_WARN_EMPTY_BODY = YES;
				CLANG_WARN_ENUM_CONVERSION = YES;
				CLANG_WARN_INFINITE_RECURSION = YES;
				CLANG_WARN_INT_CONVERSION = YES;
				CLANG_WARN_OBJC_ROOT_CLASS = YES_ERROR;
				CLANG_WARN_SUSPICIOUS_MOVES = YES;
				CLANG_WARN_UNREACHABLE_CODE = YES;
				CLANG_WARN__DUPLICATE_METHOD_MATCH = YES;
				"CODE_SIGN_IDENTITY[sdk=iphoneos*]" = "iPhone Developer";
				COPY_PHASE_STRIP = NO;
				DEBUG_INFORMATION_FORMAT = "dwarf-with-dsym";
				ENABLE_NS_ASSERTIONS = NO;
				ENABLE_STRICT_OBJC_MSGSEND = YES;
				GCC_C_LANGUAGE_STANDARD = gnu99;
				GCC_NO_COMMON_BLOCKS = YES;
				GCC_WARN_64_TO_32_BIT_CONVERSION = YES;
				GCC_WARN_ABOUT_RETURN_TYPE = YES_ERROR;
				GCC_WARN_UNDECLARED_SELECTOR = YES;
				GCC_WARN_UNINITIALIZED_AUTOS = YES_AGGRESSIVE;
				GCC_WARN_UNUSED_FUNCTION = YES;
				GCC_WARN_UNUSED_VARIABLE = YES;
				IPHONEOS_DEPLOYMENT_TARGET = 10.1;
				MTL_ENABLE_DEBUG_INFO = NO;
				SDKROOT = iphoneos;
				SWIFT_OPTIMIZATION_LEVEL = "-Owholemodule";
				VALIDATE_PRODUCT = YES;
			};
			name = Release;
		};
		4AC299241E491DC80034AD15 /* Debug */ = {
			isa = XCBuildConfiguration;
			buildSettings = {
				ASSETCATALOG_COMPILER_APPICON_NAME = AppIcon;
				"CODE_SIGN_IDENTITY[sdk=iphoneos*]" = "iPhone Developer";
				DEVELOPMENT_TEAM = T9PVZR5SPF;
				INFOPLIST_FILE = MSCrop/Info.plist;
				IPHONEOS_DEPLOYMENT_TARGET = 8.0;
				LD_RUNPATH_SEARCH_PATHS = "$(inherited) @executable_path/Frameworks";
				PRODUCT_BUNDLE_IDENTIFIER = com.mobilewits.test;
				PRODUCT_NAME = "$(TARGET_NAME)";
				PROVISIONING_PROFILE = "7f4619fc-0c01-417a-9910-16ddc7959ef2";
				PROVISIONING_PROFILE_SPECIFIER = Test_9_Dec_2016;
				SWIFT_VERSION = 3.0;
			};
			name = Debug;
		};
		4AC299251E491DC80034AD15 /* Release */ = {
			isa = XCBuildConfiguration;
			buildSettings = {
				ASSETCATALOG_COMPILER_APPICON_NAME = AppIcon;
				"CODE_SIGN_IDENTITY[sdk=iphoneos*]" = "iPhone Developer";
				DEVELOPMENT_TEAM = T9PVZR5SPF;
				INFOPLIST_FILE = MSCrop/Info.plist;
				IPHONEOS_DEPLOYMENT_TARGET = 8.0;
				LD_RUNPATH_SEARCH_PATHS = "$(inherited) @executable_path/Frameworks";
				PRODUCT_BUNDLE_IDENTIFIER = com.mobilewits.test;
				PRODUCT_NAME = "$(TARGET_NAME)";
				PROVISIONING_PROFILE = "7f4619fc-0c01-417a-9910-16ddc7959ef2";
				PROVISIONING_PROFILE_SPECIFIER = Test_9_Dec_2016;
				SWIFT_VERSION = 3.0;
			};
			name = Release;
		};
		4AC299271E491DC80034AD15 /* Debug */ = {
			isa = XCBuildConfiguration;
			buildSettings = {
				ALWAYS_EMBED_SWIFT_STANDARD_LIBRARIES = YES;
				BUNDLE_LOADER = "$(TEST_HOST)";
				INFOPLIST_FILE = MSCropTests/Info.plist;
				LD_RUNPATH_SEARCH_PATHS = "$(inherited) @executable_path/Frameworks @loader_path/Frameworks";
				PRODUCT_BUNDLE_IDENTIFIER = com..MSCropTests;
				PRODUCT_NAME = "$(TARGET_NAME)";
				SWIFT_VERSION = 3.0;
				TEST_HOST = "$(BUILT_PRODUCTS_DIR)/MSCrop.app/MSCrop";
			};
			name = Debug;
		};
		4AC299281E491DC80034AD15 /* Release */ = {
			isa = XCBuildConfiguration;
			buildSettings = {
				ALWAYS_EMBED_SWIFT_STANDARD_LIBRARIES = YES;
				BUNDLE_LOADER = "$(TEST_HOST)";
				INFOPLIST_FILE = MSCropTests/Info.plist;
				LD_RUNPATH_SEARCH_PATHS = "$(inherited) @executable_path/Frameworks @loader_path/Frameworks";
				PRODUCT_BUNDLE_IDENTIFIER = com..MSCropTests;
				PRODUCT_NAME = "$(TARGET_NAME)";
				SWIFT_VERSION = 3.0;
				TEST_HOST = "$(BUILT_PRODUCTS_DIR)/MSCrop.app/MSCrop";
			};
			name = Release;
		};
		4AC2992A1E491DC80034AD15 /* Debug */ = {
			isa = XCBuildConfiguration;
			buildSettings = {
				ALWAYS_EMBED_SWIFT_STANDARD_LIBRARIES = YES;
				INFOPLIST_FILE = MSCropUITests/Info.plist;
				LD_RUNPATH_SEARCH_PATHS = "$(inherited) @executable_path/Frameworks @loader_path/Frameworks";
				PRODUCT_BUNDLE_IDENTIFIER = com..MSCropUITests;
				PRODUCT_NAME = "$(TARGET_NAME)";
				SWIFT_VERSION = 3.0;
				TEST_TARGET_NAME = MSCrop;
			};
			name = Debug;
		};
		4AC2992B1E491DC80034AD15 /* Release */ = {
			isa = XCBuildConfiguration;
			buildSettings = {
				ALWAYS_EMBED_SWIFT_STANDARD_LIBRARIES = YES;
				INFOPLIST_FILE = MSCropUITests/Info.plist;
				LD_RUNPATH_SEARCH_PATHS = "$(inherited) @executable_path/Frameworks @loader_path/Frameworks";
				PRODUCT_BUNDLE_IDENTIFIER = com..MSCropUITests;
				PRODUCT_NAME = "$(TARGET_NAME)";
				SWIFT_VERSION = 3.0;
				TEST_TARGET_NAME = MSCrop;
			};
			name = Release;
		};
/* End XCBuildConfiguration section */

/* Begin XCConfigurationList section */
		4AC298F61E491DC80034AD15 /* Build configuration list for PBXProject "MSCrop" */ = {
			isa = XCConfigurationList;
			buildConfigurations = (
				4AC299211E491DC80034AD15 /* Debug */,
				4AC299221E491DC80034AD15 /* Release */,
			);
			defaultConfigurationIsVisible = 0;
			defaultConfigurationName = Release;
		};
		4AC299231E491DC80034AD15 /* Build configuration list for PBXNativeTarget "MSCrop" */ = {
			isa = XCConfigurationList;
			buildConfigurations = (
				4AC299241E491DC80034AD15 /* Debug */,
				4AC299251E491DC80034AD15 /* Release */,
			);
			defaultConfigurationIsVisible = 0;
			defaultConfigurationName = Release;
		};
		4AC299261E491DC80034AD15 /* Build configuration list for PBXNativeTarget "MSCropTests" */ = {
			isa = XCConfigurationList;
			buildConfigurations = (
				4AC299271E491DC80034AD15 /* Debug */,
				4AC299281E491DC80034AD15 /* Release */,
			);
			defaultConfigurationIsVisible = 0;
			defaultConfigurationName = Release;
		};
		4AC299291E491DC80034AD15 /* Build configuration list for PBXNativeTarget "MSCropUITests" */ = {
			isa = XCConfigurationList;
			buildConfigurations = (
				4AC2992A1E491DC80034AD15 /* Debug */,
				4AC2992B1E491DC80034AD15 /* Release */,
			);
			defaultConfigurationIsVisible = 0;
			defaultConfigurationName = Release;
		};
/* End XCConfigurationList section */
	};
	rootObject = 4AC298F31E491DC80034AD15 /* Project object */;
}
